<?xml version="1.0" encoding="UTF-8" standalone="yes" ?>
<CodeBlocks_project_file>
	<FileVersion major="1" minor="6" />
	<Project>
		<Option title="raymd2" />
		<Option pch_mode="2" />
		<Option compiler="gcc" />
		<Build>
			<Target title="Debug">
				<Option output="bin/Debug/raymd2" prefix_auto="1" extension_auto="1" />
				<Option object_output="obj/Debug/" />
				<Option type="1" />
				<Option compiler="gcc" />
				<Compiler>
					<Add option="-g" />
					<Add directory="/media/djoker/code/local/user/include" />
					<Add directory="include" />
					<Add directory="src" />
				</Compiler>
				<Linker>
					<Add option="-lraylib" />
					<Add directory="/media/djoker/code/local/user/lib" />
				</Linker>
			</Target>
			<Target title="Release">
				<Option output="bin/Release/raymd2" prefix_auto="1" extension_auto="1" />
				<Option object_output="obj/Release/" />
				<Option type="1" />
				<Option compiler="gcc" />
				<Compiler>
					<Add option="-O2" />
					<Add directory="include" />
				</Compiler>
				<Linker>
					<Add option="-s" />
				</Linker>
			</Target>
		</Build>
		<Compiler>
			<Add option="-Wall" />
			<Add option="-fexceptions" />
		</Compiler>
		<Unit filename="include/MD2.h" />
		<Unit filename="main.cpp" />
		<Unit filename="src/MD2.cpp" />
		<Unit filename="src/imconfig.h" />
		<Unit filename="src/imgui.cpp" />
		<Unit filename="src/imgui.h" />
		<Unit filename="src/imgui_draw.cpp" />
		<Unit filename="src/imgui_internal.h" />
		<Unit filename="src/imgui_widgets.cpp" />
		<Unit filename="src/imstb_rectpack.h" />
		<Unit filename="src/imstb_textedit.h" />
		<Unit filename="src/imstb_truetype.h" />
		<Unit filename="src/rImgui.cpp" />
		<Unit filename="src/rImgui.h" />
		<Extensions />
	</Project>
</CodeBlocks_project_file>
